
Microsoft Visual Studio Solution File, Format Version 12.00
# Visual Studio Version 16
VisualStudioVersion = 16.0.30114.105
MinimumVisualStudioVersion = 10.0.40219.1
Project("{FAE04EC0-301F-11D3-BF4B-00C04F79EFBC}") = "HelloWorld", "00_HelloWorld\HelloWorld.csproj", "{1C1BC8A9-981D-4F32-8510-78FE4DE84A49}"
EndProject
Project("{FAE04EC0-301F-11D3-BF4B-00C04F79EFBC}") = "Variables", "01_Variables\Variables.csproj", "{7FEF4680-680E-4625-BE37-EBF090DDFA40}"
EndProject
Project("{FAE04EC0-301F-11D3-BF4B-00C04F79EFBC}") = "02_OperatorsConditionals", "02_OperatorsConditionals\02_OperatorsConditionals.csproj", "{DA4EDB51-A880-45D5-B66C-F7649B0CA45F}"
EndProject
Project("{FAE04EC0-301F-11D3-BF4B-00C04F79EFBC}") = "TipCalculator", "TipCalculator\TipCalculator.csproj", "{45F26010-6CCA-4F94-8B7A-235F0C85819D}"
EndProject
Project("{FAE04EC0-301F-11D3-BF4B-00C04F79EFBC}") = "DailyChallenges", "DailyChallenges\DailyChallenges.csproj", "{8A7310D4-367D-41A7-8435-102531534141}"
EndProject
Project("{FAE04EC0-301F-11D3-BF4B-00C04F79EFBC}") = "03_Loops", "03_Loops\03_Loops.csproj", "{828857D9-B0E9-4462-A0B4-59B87F11FB32}"
EndProject
Project("{FAE04EC0-301F-11D3-BF4B-00C04F79EFBC}") = "04_Methods", "04_Methods\04_Methods.csproj", "{257E8D88-BF41-4B8B-9658-F2063EF54FB0}"
EndProject
Project("{FAE04EC0-301F-11D3-BF4B-00C04F79EFBC}") = "Boolea", "05_Booleans\Boolea.csproj", "{9356D0F5-A609-45E4-874B-A0BCE861D5E2}"
EndProject
Project("{2150E333-8FDC-42A3-9474-1A3956D46DE8}") = "06_Conditionals", "06_Conditionals", "{B40C8DEB-87C5-46E1-9EB1-E38D2FEEE8E3}"
EndProject
Project("{FAE04EC0-301F-11D3-BF4B-00C04F79EFBC}") = "IfStatements", "06_Conditionals\IfStatements\IfStatements.csproj", "{73045F2F-9F13-4D69-AABD-7668133740C7}"
EndProject
Project("{FAE04EC0-301F-11D3-BF4B-00C04F79EFBC}") = "Ternaries", "06_Conditionals\Ternaries\Ternaries.csproj", "{101B98C9-8EFC-4260-B29B-9732A7D1A3A6}"
EndProject
Project("{FAE04EC0-301F-11D3-BF4B-00C04F79EFBC}") = "Switches", "06_Conditionals\Switches\Switches.csproj", "{947E7E75-2A27-48C4-B35F-8D0FA7200C3C}"
EndProject
Project("{2150E333-8FDC-42A3-9474-1A3956D46DE8}") = "07_Loops", "07_Loops", "{4933F82C-2AEB-47B6-BA88-460A711F9E6A}"
EndProject
Project("{FAE04EC0-301F-11D3-BF4B-00C04F79EFBC}") = "WhileLoops", "07_Loops\While\WhileLoops.csproj", "{411CA685-87C8-48D9-B484-E13B4764D7D3}"
EndProject
Project("{FAE04EC0-301F-11D3-BF4B-00C04F79EFBC}") = "ForLoops", "07_Loops\For\ForLoops.csproj", "{4B84DF4E-6D1E-41D8-81B7-1EC70E16C6DE}"
EndProject
Project("{FAE04EC0-301F-11D3-BF4B-00C04F79EFBC}") = "ForeachLoops", "07_Loops\Foreach\ForeachLoops.csproj", "{F3EC1B6B-B9ED-43C1-B3BE-659109E43A79}"
EndProject
Project("{FAE04EC0-301F-11D3-BF4B-00C04F79EFBC}") = "08_Classes", "050_Classes\005_Classes.csproj", "{F7C9F1F0-2EFB-40C7-940F-123BB17C0AC7}"
EndProject
Project("{FAE04EC0-301F-11D3-BF4B-00C04F79EFBC}") = "AnimalShelter.ConsoleApp", "AnimalShelter.ConsoleApp\AnimalShelter.ConsoleApp.csproj", "{0CA9FD29-455B-4323-A477-3E54C0DD8CBC}"
EndProject
Project("{FAE04EC0-301F-11D3-BF4B-00C04F79EFBC}") = "AnimalShelter.Repository", "AnimalShelter.Repository\AnimalShelter.Repository.csproj", "{283EC738-7142-444A-A0F8-FCD5E8A85880}"
EndProject
Project("{FAE04EC0-301F-11D3-BF4B-00C04F79EFBC}") = "ChallengeOne.ConsoleApp", "ChallengeOne.ConsoleApp\ChallengeOne.ConsoleApp.csproj", "{97125569-63FD-4213-8075-72E22ABAB7FB}"
EndProject
Project("{FAE04EC0-301F-11D3-BF4B-00C04F79EFBC}") = "ChallengeOne.Repository", "ChallengeOne.Repository\ChallengeOne.Repository.csproj", "{AEE7E11A-FBD8-4DBA-A6D0-A8B25A5FF51C}"
EndProject
Global
	GlobalSection(SolutionConfigurationPlatforms) = preSolution
		Debug|Any CPU = Debug|Any CPU
		Release|Any CPU = Release|Any CPU
	EndGlobalSection
	GlobalSection(SolutionProperties) = preSolution
		HideSolutionNode = FALSE
	EndGlobalSection
	GlobalSection(ProjectConfigurationPlatforms) = postSolution
		{1C1BC8A9-981D-4F32-8510-78FE4DE84A49}.Debug|Any CPU.ActiveCfg = Debug|Any CPU
		{1C1BC8A9-981D-4F32-8510-78FE4DE84A49}.Debug|Any CPU.Build.0 = Debug|Any CPU
		{1C1BC8A9-981D-4F32-8510-78FE4DE84A49}.Release|Any CPU.ActiveCfg = Release|Any CPU
		{1C1BC8A9-981D-4F32-8510-78FE4DE84A49}.Release|Any CPU.Build.0 = Release|Any CPU
		{7FEF4680-680E-4625-BE37-EBF090DDFA40}.Debug|Any CPU.ActiveCfg = Debug|Any CPU
		{7FEF4680-680E-4625-BE37-EBF090DDFA40}.Debug|Any CPU.Build.0 = Debug|Any CPU
		{7FEF4680-680E-4625-BE37-EBF090DDFA40}.Release|Any CPU.ActiveCfg = Release|Any CPU
		{7FEF4680-680E-4625-BE37-EBF090DDFA40}.Release|Any CPU.Build.0 = Release|Any CPU
		{DA4EDB51-A880-45D5-B66C-F7649B0CA45F}.Debug|Any CPU.ActiveCfg = Debug|Any CPU
		{DA4EDB51-A880-45D5-B66C-F7649B0CA45F}.Debug|Any CPU.Build.0 = Debug|Any CPU
		{DA4EDB51-A880-45D5-B66C-F7649B0CA45F}.Release|Any CPU.ActiveCfg = Release|Any CPU
		{DA4EDB51-A880-45D5-B66C-F7649B0CA45F}.Release|Any CPU.Build.0 = Release|Any CPU
		{45F26010-6CCA-4F94-8B7A-235F0C85819D}.Debug|Any CPU.ActiveCfg = Debug|Any CPU
		{45F26010-6CCA-4F94-8B7A-235F0C85819D}.Debug|Any CPU.Build.0 = Debug|Any CPU
		{45F26010-6CCA-4F94-8B7A-235F0C85819D}.Release|Any CPU.ActiveCfg = Release|Any CPU
		{45F26010-6CCA-4F94-8B7A-235F0C85819D}.Release|Any CPU.Build.0 = Release|Any CPU
		{8A7310D4-367D-41A7-8435-102531534141}.Debug|Any CPU.ActiveCfg = Debug|Any CPU
		{8A7310D4-367D-41A7-8435-102531534141}.Debug|Any CPU.Build.0 = Debug|Any CPU
		{8A7310D4-367D-41A7-8435-102531534141}.Release|Any CPU.ActiveCfg = Release|Any CPU
		{8A7310D4-367D-41A7-8435-102531534141}.Release|Any CPU.Build.0 = Release|Any CPU
		{828857D9-B0E9-4462-A0B4-59B87F11FB32}.Debug|Any CPU.ActiveCfg = Debug|Any CPU
		{828857D9-B0E9-4462-A0B4-59B87F11FB32}.Debug|Any CPU.Build.0 = Debug|Any CPU
		{828857D9-B0E9-4462-A0B4-59B87F11FB32}.Release|Any CPU.ActiveCfg = Release|Any CPU
		{828857D9-B0E9-4462-A0B4-59B87F11FB32}.Release|Any CPU.Build.0 = Release|Any CPU
		{257E8D88-BF41-4B8B-9658-F2063EF54FB0}.Debug|Any CPU.ActiveCfg = Debug|Any CPU
		{257E8D88-BF41-4B8B-9658-F2063EF54FB0}.Debug|Any CPU.Build.0 = Debug|Any CPU
		{257E8D88-BF41-4B8B-9658-F2063EF54FB0}.Release|Any CPU.ActiveCfg = Release|Any CPU
		{257E8D88-BF41-4B8B-9658-F2063EF54FB0}.Release|Any CPU.Build.0 = Release|Any CPU
		{9356D0F5-A609-45E4-874B-A0BCE861D5E2}.Debug|Any CPU.ActiveCfg = Debug|Any CPU
		{9356D0F5-A609-45E4-874B-A0BCE861D5E2}.Debug|Any CPU.Build.0 = Debug|Any CPU
		{9356D0F5-A609-45E4-874B-A0BCE861D5E2}.Release|Any CPU.ActiveCfg = Release|Any CPU
		{9356D0F5-A609-45E4-874B-A0BCE861D5E2}.Release|Any CPU.Build.0 = Release|Any CPU
		{73045F2F-9F13-4D69-AABD-7668133740C7}.Debug|Any CPU.ActiveCfg = Debug|Any CPU
		{73045F2F-9F13-4D69-AABD-7668133740C7}.Debug|Any CPU.Build.0 = Debug|Any CPU
		{73045F2F-9F13-4D69-AABD-7668133740C7}.Release|Any CPU.ActiveCfg = Release|Any CPU
		{73045F2F-9F13-4D69-AABD-7668133740C7}.Release|Any CPU.Build.0 = Release|Any CPU
		{101B98C9-8EFC-4260-B29B-9732A7D1A3A6}.Debug|Any CPU.ActiveCfg = Debug|Any CPU
		{101B98C9-8EFC-4260-B29B-9732A7D1A3A6}.Debug|Any CPU.Build.0 = Debug|Any CPU
		{101B98C9-8EFC-4260-B29B-9732A7D1A3A6}.Release|Any CPU.ActiveCfg = Release|Any CPU
		{101B98C9-8EFC-4260-B29B-9732A7D1A3A6}.Release|Any CPU.Build.0 = Release|Any CPU
		{947E7E75-2A27-48C4-B35F-8D0FA7200C3C}.Debug|Any CPU.ActiveCfg = Debug|Any CPU
		{947E7E75-2A27-48C4-B35F-8D0FA7200C3C}.Debug|Any CPU.Build.0 = Debug|Any CPU
		{947E7E75-2A27-48C4-B35F-8D0FA7200C3C}.Release|Any CPU.ActiveCfg = Release|Any CPU
		{947E7E75-2A27-48C4-B35F-8D0FA7200C3C}.Release|Any CPU.Build.0 = Release|Any CPU
		{411CA685-87C8-48D9-B484-E13B4764D7D3}.Debug|Any CPU.ActiveCfg = Debug|Any CPU
		{411CA685-87C8-48D9-B484-E13B4764D7D3}.Debug|Any CPU.Build.0 = Debug|Any CPU
		{411CA685-87C8-48D9-B484-E13B4764D7D3}.Release|Any CPU.ActiveCfg = Release|Any CPU
		{411CA685-87C8-48D9-B484-E13B4764D7D3}.Release|Any CPU.Build.0 = Release|Any CPU
		{4B84DF4E-6D1E-41D8-81B7-1EC70E16C6DE}.Debug|Any CPU.ActiveCfg = Debug|Any CPU
		{4B84DF4E-6D1E-41D8-81B7-1EC70E16C6DE}.Debug|Any CPU.Build.0 = Debug|Any CPU
		{4B84DF4E-6D1E-41D8-81B7-1EC70E16C6DE}.Release|Any CPU.ActiveCfg = Release|Any CPU
		{4B84DF4E-6D1E-41D8-81B7-1EC70E16C6DE}.Release|Any CPU.Build.0 = Release|Any CPU
		{F3EC1B6B-B9ED-43C1-B3BE-659109E43A79}.Debug|Any CPU.ActiveCfg = Debug|Any CPU
		{F3EC1B6B-B9ED-43C1-B3BE-659109E43A79}.Debug|Any CPU.Build.0 = Debug|Any CPU
		{F3EC1B6B-B9ED-43C1-B3BE-659109E43A79}.Release|Any CPU.ActiveCfg = Release|Any CPU
		{F3EC1B6B-B9ED-43C1-B3BE-659109E43A79}.Release|Any CPU.Build.0 = Release|Any CPU
		{F7C9F1F0-2EFB-40C7-940F-123BB17C0AC7}.Debug|Any CPU.ActiveCfg = Debug|Any CPU
		{F7C9F1F0-2EFB-40C7-940F-123BB17C0AC7}.Debug|Any CPU.Build.0 = Debug|Any CPU
		{F7C9F1F0-2EFB-40C7-940F-123BB17C0AC7}.Release|Any CPU.ActiveCfg = Release|Any CPU
		{F7C9F1F0-2EFB-40C7-940F-123BB17C0AC7}.Release|Any CPU.Build.0 = Release|Any CPU
		{0CA9FD29-455B-4323-A477-3E54C0DD8CBC}.Debug|Any CPU.ActiveCfg = Debug|Any CPU
		{0CA9FD29-455B-4323-A477-3E54C0DD8CBC}.Debug|Any CPU.Build.0 = Debug|Any CPU
		{0CA9FD29-455B-4323-A477-3E54C0DD8CBC}.Release|Any CPU.ActiveCfg = Release|Any CPU
		{0CA9FD29-455B-4323-A477-3E54C0DD8CBC}.Release|Any CPU.Build.0 = Release|Any CPU
		{283EC738-7142-444A-A0F8-FCD5E8A85880}.Debug|Any CPU.ActiveCfg = Debug|Any CPU
		{283EC738-7142-444A-A0F8-FCD5E8A85880}.Debug|Any CPU.Build.0 = Debug|Any CPU
		{283EC738-7142-444A-A0F8-FCD5E8A85880}.Release|Any CPU.ActiveCfg = Release|Any CPU
		{283EC738-7142-444A-A0F8-FCD5E8A85880}.Release|Any CPU.Build.0 = Release|Any CPU
		{374FB698-9172-4D0B-98C8-FEA006A34587}.Debug|Any CPU.ActiveCfg = Debug|Any CPU
		{374FB698-9172-4D0B-98C8-FEA006A34587}.Debug|Any CPU.Build.0 = Debug|Any CPU
		{374FB698-9172-4D0B-98C8-FEA006A34587}.Release|Any CPU.ActiveCfg = Release|Any CPU
		{374FB698-9172-4D0B-98C8-FEA006A34587}.Release|Any CPU.Build.0 = Release|Any CPU
		{90611327-20DF-4A45-80DD-F5929A9F84D4}.Debug|Any CPU.ActiveCfg = Debug|Any CPU
		{90611327-20DF-4A45-80DD-F5929A9F84D4}.Debug|Any CPU.Build.0 = Debug|Any CPU
		{90611327-20DF-4A45-80DD-F5929A9F84D4}.Release|Any CPU.ActiveCfg = Release|Any CPU
		{90611327-20DF-4A45-80DD-F5929A9F84D4}.Release|Any CPU.Build.0 = Release|Any CPU
		{97125569-63FD-4213-8075-72E22ABAB7FB}.Debug|Any CPU.ActiveCfg = Debug|Any CPU
		{97125569-63FD-4213-8075-72E22ABAB7FB}.Debug|Any CPU.Build.0 = Debug|Any CPU
		{97125569-63FD-4213-8075-72E22ABAB7FB}.Release|Any CPU.ActiveCfg = Release|Any CPU
		{97125569-63FD-4213-8075-72E22ABAB7FB}.Release|Any CPU.Build.0 = Release|Any CPU
		{AEE7E11A-FBD8-4DBA-A6D0-A8B25A5FF51C}.Debug|Any CPU.ActiveCfg = Debug|Any CPU
		{AEE7E11A-FBD8-4DBA-A6D0-A8B25A5FF51C}.Debug|Any CPU.Build.0 = Debug|Any CPU
		{AEE7E11A-FBD8-4DBA-A6D0-A8B25A5FF51C}.Release|Any CPU.ActiveCfg = Release|Any CPU
		{AEE7E11A-FBD8-4DBA-A6D0-A8B25A5FF51C}.Release|Any CPU.Build.0 = Release|Any CPU
	EndGlobalSection
	GlobalSection(NestedProjects) = preSolution
		{73045F2F-9F13-4D69-AABD-7668133740C7} = {B40C8DEB-87C5-46E1-9EB1-E38D2FEEE8E3}
		{101B98C9-8EFC-4260-B29B-9732A7D1A3A6} = {B40C8DEB-87C5-46E1-9EB1-E38D2FEEE8E3}
		{947E7E75-2A27-48C4-B35F-8D0FA7200C3C} = {B40C8DEB-87C5-46E1-9EB1-E38D2FEEE8E3}
		{411CA685-87C8-48D9-B484-E13B4764D7D3} = {4933F82C-2AEB-47B6-BA88-460A711F9E6A}
		{4B84DF4E-6D1E-41D8-81B7-1EC70E16C6DE} = {4933F82C-2AEB-47B6-BA88-460A711F9E6A}
		{F3EC1B6B-B9ED-43C1-B3BE-659109E43A79} = {4933F82C-2AEB-47B6-BA88-460A711F9E6A}
	EndGlobalSection
EndGlobal
